
Microsoft Visual Studio Solution File, Format Version 12.00
# Visual Studio Version 16
VisualStudioVersion = 16.0.29920.165
MinimumVisualStudioVersion = 10.0.40219.1
Project("{9A19103F-16F7-4668-BE54-9A1E7A4F7556}") = "LDAPHelper.DTO", "src\LDAPHelper.DTO\LDAPHelper.DTO.csproj", "{B9216872-587D-40F9-B68C-13F63127AB25}"
EndProject
Project("{9A19103F-16F7-4668-BE54-9A1E7A4F7556}") = "LDAPHelper", "src\LDAPHelper\LDAPHelper.csproj", "{9EAB4E43-6B70-4B9E-8A1C-363E418CB079}"
EndProject
Project("{9A19103F-16F7-4668-BE54-9A1E7A4F7556}") = "LDAPHelper.Demo", "src\LDAPHelper.Demo\LDAPHelper.Demo.csproj", "{7C152968-0C52-4410-A6F7-EC501B148B65}"
EndProject
Global
	GlobalSection(SolutionConfigurationPlatforms) = preSolution
		Debug|Any CPU = Debug|Any CPU
		Release|Any CPU = Release|Any CPU
	EndGlobalSection
	GlobalSection(ProjectConfigurationPlatforms) = postSolution
		{B9216872-587D-40F9-B68C-13F63127AB25}.Debug|Any CPU.ActiveCfg = Debug|Any CPU
		{B9216872-587D-40F9-B68C-13F63127AB25}.Debug|Any CPU.Build.0 = Debug|Any CPU
		{B9216872-587D-40F9-B68C-13F63127AB25}.Release|Any CPU.ActiveCfg = Release|Any CPU
		{B9216872-587D-40F9-B68C-13F63127AB25}.Release|Any CPU.Build.0 = Release|Any CPU
		{9EAB4E43-6B70-4B9E-8A1C-363E418CB079}.Debug|Any CPU.ActiveCfg = Debug|Any CPU
		{9EAB4E43-6B70-4B9E-8A1C-363E418CB079}.Debug|Any CPU.Build.0 = Debug|Any CPU
		{9EAB4E43-6B70-4B9E-8A1C-363E418CB079}.Release|Any CPU.ActiveCfg = Release|Any CPU
		{9EAB4E43-6B70-4B9E-8A1C-363E418CB079}.Release|Any CPU.Build.0 = Release|Any CPU
		{7C152968-0C52-4410-A6F7-EC501B148B65}.Debug|Any CPU.ActiveCfg = Debug|Any CPU
		{7C152968-0C52-4410-A6F7-EC501B148B65}.Debug|Any CPU.Build.0 = Debug|Any CPU
		{7C152968-0C52-4410-A6F7-EC501B148B65}.Release|Any CPU.ActiveCfg = Release|Any CPU
		{7C152968-0C52-4410-A6F7-EC501B148B65}.Release|Any CPU.Build.0 = Release|Any CPU
	EndGlobalSection
	GlobalSection(SolutionProperties) = preSolution
		HideSolutionNode = FALSE
	EndGlobalSection
	GlobalSection(ExtensibilityGlobals) = postSolution
		SolutionGuid = {DB0C2252-0846-4C49-970A-C7C68C82A4F3}
	EndGlobalSection
EndGlobal
