
Microsoft Visual Studio Solution File, Format Version 12.00
# Visual Studio Version 16
VisualStudioVersion = 16.0.29920.165
MinimumVisualStudioVersion = 10.0.40219.1
Project("{9A19103F-16F7-4668-BE54-9A1E7A4F7556}") = "Bitai.LDAPHelper.DTO", "src\Bitai.LDAPHelper.DTO\Bitai.LDAPHelper.DTO.csproj", "{2386A126-F237-43FD-9A7C-FDF6718ACAD7}"
EndProject
Project("{9A19103F-16F7-4668-BE54-9A1E7A4F7556}") = "Bitai.LDAPHelper", "src\Bitai.LDAPHelper\Bitai.LDAPHelper.csproj", "{87B1AB51-6C42-4EC0-9ECB-189370A724C2}"
EndProject
Project("{9A19103F-16F7-4668-BE54-9A1E7A4F7556}") = "Bitai.LDAPHelper.Demo", "src\Bitai.LDAPHelper.Demo\Bitai.LDAPHelper.Demo.csproj", "{694F8CFE-3DA4-4167-BB6F-A82677BD55DE}"
EndProject
Global
	GlobalSection(SolutionConfigurationPlatforms) = preSolution
		Debug|Any CPU = Debug|Any CPU
		Release|Any CPU = Release|Any CPU
	EndGlobalSection
	GlobalSection(ProjectConfigurationPlatforms) = postSolution
		{2386A126-F237-43FD-9A7C-FDF6718ACAD7}.Debug|Any CPU.ActiveCfg = Debug|Any CPU
		{2386A126-F237-43FD-9A7C-FDF6718ACAD7}.Debug|Any CPU.Build.0 = Debug|Any CPU
		{2386A126-F237-43FD-9A7C-FDF6718ACAD7}.Release|Any CPU.ActiveCfg = Release|Any CPU
		{2386A126-F237-43FD-9A7C-FDF6718ACAD7}.Release|Any CPU.Build.0 = Release|Any CPU
		{87B1AB51-6C42-4EC0-9ECB-189370A724C2}.Debug|Any CPU.ActiveCfg = Debug|Any CPU
		{87B1AB51-6C42-4EC0-9ECB-189370A724C2}.Debug|Any CPU.Build.0 = Debug|Any CPU
		{87B1AB51-6C42-4EC0-9ECB-189370A724C2}.Release|Any CPU.ActiveCfg = Release|Any CPU
		{87B1AB51-6C42-4EC0-9ECB-189370A724C2}.Release|Any CPU.Build.0 = Release|Any CPU
		{694F8CFE-3DA4-4167-BB6F-A82677BD55DE}.Debug|Any CPU.ActiveCfg = Debug|Any CPU
		{694F8CFE-3DA4-4167-BB6F-A82677BD55DE}.Debug|Any CPU.Build.0 = Debug|Any CPU
		{694F8CFE-3DA4-4167-BB6F-A82677BD55DE}.Release|Any CPU.ActiveCfg = Release|Any CPU
		{694F8CFE-3DA4-4167-BB6F-A82677BD55DE}.Release|Any CPU.Build.0 = Release|Any CPU
	EndGlobalSection
	GlobalSection(SolutionProperties) = preSolution
		HideSolutionNode = FALSE
	EndGlobalSection
	GlobalSection(ExtensibilityGlobals) = postSolution
		SolutionGuid = {DB0C2252-0846-4C49-970A-C7C68C82A4F3}
	EndGlobalSection
EndGlobal
